{
  "pins" : [
    {
      "identity" : "swifttoolbox",
      "kind" : "remoteSourceControl",
      "location" : "https://github.com/adamwulf/SwiftToolbox.git",
      "state" : {
        "branch" : "main",
        "revision" : "25f6cc49a4aa44db46539339220cf707b1b30895"
      }
    }
  ],
  "version" : 2
}
