{
  "pins" : [
    {
      "identity" : "swifttoolbox",
      "kind" : "remoteSourceControl",
      "location" : "https://github.com/adamwulf/SwiftToolbox.git",
      "state" : {
        "branch" : "main",
        "revision" : "83089fd1a99cbd3c6826c26d76e84593c7e73413"
      }
    }
  ],
  "version" : 2
}
