{
  "pins" : [
    {
      "identity" : "swifttoolbox",
      "kind" : "remoteSourceControl",
      "location" : "https://github.com/adamwulf/SwiftToolbox.git",
      "state" : {
        "branch" : "main",
        "revision" : "e910ac84b4b318440b7285844625ef83ea3f7332"
      }
    }
  ],
  "version" : 2
}
